// !$*UTF8*$!
{
	archiveVersion = 1;
	classes = {
	};
	objectVersion = 46;
	objects = {

/* Begin PBXBuildFile section */
		D11239EA1E239A1800225DFD /* AppDelegate.swift in Sources */ = {isa = PBXBuildFile; fileRef = D11239E91E239A1800225DFD /* AppDelegate.swift */; };
		D11239EC1E239A1800225DFD /* ViewController.swift in Sources */ = {isa = PBXBuildFile; fileRef = D11239EB1E239A1800225DFD /* ViewController.swift */; };
		D11239EF1E239A1800225DFD /* Main.storyboard in Resources */ = {isa = PBXBuildFile; fileRef = D11239ED1E239A1800225DFD /* Main.storyboard */; };
		D11239F11E239A1800225DFD /* Assets.xcassets in Resources */ = {isa = PBXBuildFile; fileRef = D11239F01E239A1800225DFD /* Assets.xcassets */; };
		D11239F41E239A1800225DFD /* LaunchScreen.storyboard in Resources */ = {isa = PBXBuildFile; fileRef = D11239F21E239A1800225DFD /* LaunchScreen.storyboard */; };
/* End PBXBuildFile section */

/* Begin PBXFileReference section */
		D11239E61E239A1800225DFD /* MultipleView.app */ = {isa = PBXFileReference; explicitFileType = wrapper.application; includeInIndex = 0; path = MultipleView.app; sourceTree = BUILT_PRODUCTS_DIR; };
		D11239E91E239A1800225DFD /* AppDelegate.swift */ = {isa = PBXFileReference; lastKnownFileType = sourcecode.swift; path = AppDelegate.swift; sourceTree = "<group>"; };
		D11239EB1E239A1800225DFD /* ViewController.swift */ = {isa = PBXFileReference; lastKnownFileType = sourcecode.swift; path = ViewController.swift; sourceTree = "<group>"; };
		D11239EE1E239A1800225DFD /* Base */ = {isa = PBXFileReference; lastKnownFileType = file.storyboard; name = Base; path = Base.lproj/Main.storyboard; sourceTree = "<group>"; };
		D11239F01E239A1800225DFD /* Assets.xcassets */ = {isa = PBXFileReference; lastKnownFileType = folder.assetcatalog; path = Assets.xcassets; sourceTree = "<group>"; };
		D11239F31E239A1800225DFD /* Base */ = {isa = PBXFileReference; lastKnownFileType = file.storyboard; name = Base; path = Base.lproj/LaunchScreen.storyboard; sourceTree = "<group>"; };
		D11239F51E239A1800225DFD /* Info.plist */ = {isa = PBXFileReference; lastKnownFileType = text.plist.xml; path = Info.plist; sourceTree = "<group>"; };
/* End PBXFileReference section */

/* Begin PBXFrameworksBuildPhase section */
		D11239E31E239A1800225DFD /* Frameworks */ = {
			isa = PBXFrameworksBuildPhase;
			buildActionMask = 2147483647;
			files = (
			);
			runOnlyForDeploymentPostprocessing = 0;
		};
/* End PBXFrameworksBuildPhase section */

/* Begin PBXGroup section */
		D11239DD1E239A1800225DFD = {
			isa = PBXGroup;
			children = (
				D11239E81E239A1800225DFD /* MultipleView */,
				D11239E71E239A1800225DFD /* Products */,
			);
			sourceTree = "<group>";
		};
		D11239E71E239A1800225DFD /* Products */ = {
			isa = PBXGroup;
			children = (
				D11239E61E239A1800225DFD /* MultipleView.app */,
			);
			name = Products;
			sourceTree = "<group>";
		};
		D11239E81E239A1800225DFD /* MultipleView */ = {
			isa = PBXGroup;
			children = (
				D11239E91E239A1800225DFD /* AppDelegate.swift */,
				D11239EB1E239A1800225DFD /* ViewController.swift */,
				D11239ED1E239A1800225DFD /* Main.storyboard */,
				D11239F01E239A1800225DFD /* Assets.xcassets */,
				D11239F21E239A1800225DFD /* LaunchScreen.storyboard */,
				D11239F51E239A1800225DFD /* Info.plist */,
			);
			path = MultipleView;
			sourceTree = "<group>";
		};
/* End PBXGroup section */

/* Begin PBXNativeTarget section */
		D11239E51E239A1800225DFD /* MultipleView */ = {
			isa = PBXNativeTarget;
			buildConfigurationList = D11239F81E239A1800225DFD /* Build configuration list for PBXNativeTarget "MultipleView" */;
			buildPhases = (
				D11239E21E239A1800225DFD /* Sources */,
				D11239E31E239A1800225DFD /* Frameworks */,
				D11239E41E239A1800225DFD /* Resources */,
			);
			buildRules = (
			);
			dependencies = (
			);
			name = MultipleView;
			productName = MultipleView;
			productReference = D11239E61E239A1800225DFD /* MultipleView.app */;
			productType = "com.apple.product-type.application";
		};
/* End PBXNativeTarget section */

/* Begin PBXProject section */
		D11239DE1E239A1800225DFD /* Project object */ = {
			isa = PBXProject;
			attributes = {
				LastSwiftUpdateCheck = 0820;
				LastUpgradeCheck = 0820;
				ORGANIZATIONNAME = mmosoll;
				TargetAttributes = {
					D11239E51E239A1800225DFD = {
						CreatedOnToolsVersion = 8.2.1;
						ProvisioningStyle = Automatic;
					};
				};
			};
			buildConfigurationList = D11239E11E239A1800225DFD /* Build configuration list for PBXProject "MultipleView" */;
			compatibilityVersion = "Xcode 3.2";
			developmentRegion = English;
			hasScannedForEncodings = 0;
			knownRegions = (
				en,
				Base,
			);
			mainGroup = D11239DD1E239A1800225DFD;
			productRefGroup = D11239E71E239A1800225DFD /* Products */;
			projectDirPath = "";
			projectRoot = "";
			targets = (
				D11239E51E239A1800225DFD /* MultipleView */,
			);
		};
/* End PBXProject section */

/* Begin PBXResourcesBuildPhase section */
		D11239E41E239A1800225DFD /* Resources */ = {
			isa = PBXResourcesBuildPhase;
			buildActionMask = 2147483647;
			files = (
				D11239F41E239A1800225DFD /* LaunchScreen.storyboard in Resources */,
				D11239F11E239A1800225DFD /* Assets.xcassets in Resources */,
				D11239EF1E239A1800225DFD /* Main.storyboard in Resources */,
			);
			runOnlyForDeploymentPostprocessing = 0;
		};
/* End PBXResourcesBuildPhase section */

/* Begin PBXSourcesBuildPhase section */
		D11239E21E239A1800225DFD /* Sources */ = {
			isa = PBXSourcesBuildPhase;
			buildActionMask = 2147483647;
			files = (
				D11239EC1E239A1800225DFD /* ViewController.swift in Sources */,
				D11239EA1E239A1800225DFD /* AppDelegate.swift in Sources */,
			);
			runOnlyForDeploymentPostprocessing = 0;
		};
/* End PBXSourcesBuildPhase section */

/* Begin PBXVariantGroup section */
		D11239ED1E239A1800225DFD /* Main.storyboard */ = {
			isa = PBXVariantGroup;
			children = (
				D11239EE1E239A1800225DFD /* Base */,
			);
			name = Main.storyboard;
			sourceTree = "<group>";
		};
		D11239F21E239A1800225DFD /* LaunchScreen.storyboard */ = {
			isa = PBXVariantGroup;
			children = (
				D11239F31E239A1800225DFD /* Base */,
			);
			name = LaunchScreen.storyboard;
			sourceTree = "<group>";
		};
/* End PBXVariantGroup section */

/* Begin XCBuildConfiguration section */
		D11239F61E239A1800225DFD /* Debug */ = {
			isa = XCBuildConfiguration;
			buildSettings = {
				ALWAYS_SEARCH_USER_PATHS = NO;
				CLANG_ANALYZER_NONNULL = YES;
				CLANG_CXX_LANGUAGE_STANDARD = "gnu++0x";
				CLANG_CXX_LIBRARY = "libc++";
				CLANG_ENABLE_MODULES = YES;
				CLANG_ENABLE_OBJC_ARC = YES;
				CLANG_WARN_BOOL_CONVERSION = YES;
				CLANG_WARN_CONSTANT_CONVERSION = YES;
				CLANG_WARN_DIRECT_OBJC_ISA_USAGE = YES_ERROR;
				CLANG_WARN_DOCUMENTATION_COMMENTS = YES;
				CLANG_WARN_EMPTY_BODY = YES;
				CLANG_WARN_ENUM_CONVERSION = YES;
				CLANG_WARN_INFINITE_RECURSION = YES;
				CLANG_WARN_INT_CONVERSION = YES;
				CLANG_WARN_OBJC_ROOT_CLASS = YES_ERROR;
				CLANG_WARN_SUSPICIOUS_MOVE = YES;
				CLANG_WARN_UNREACHABLE_CODE = YES;
				CLANG_WARN__DUPLICATE_METHOD_MATCH = YES;
				"CODE_SIGN_IDENTITY[sdk=iphoneos*]" = "iPhone Developer";
				COPY_PHASE_STRIP = NO;
				DEBUG_INFORMATION_FORMAT = dwarf;
				ENABLE_STRICT_OBJC_MSGSEND = YES;
				ENABLE_TESTABILITY = YES;
				GCC_C_LANGUAGE_STANDARD = gnu99;
				GCC_DYNAMIC_NO_PIC = NO;
				GCC_NO_COMMON_BLOCKS = YES;
				GCC_OPTIMIZATION_LEVEL = 0;
				GCC_PREPROCESSOR_DEFINITIONS = (
					"DEBUG=1",
					"$(inherited)",
				);
				GCC_WARN_64_TO_32_BIT_CONVERSION = YES;
				GCC_WARN_ABOUT_RETURN_TYPE = YES_ERROR;
				GCC_WARN_UNDECLARED_SELECTOR = YES;
				GCC_WARN_UNINITIALIZED_AUTOS = YES_AGGRESSIVE;
				GCC_WARN_UNUSED_FUNCTION = YES;
				GCC_WARN_UNUSED_VARIABLE = YES;
				IPHONEOS_DEPLOYMENT_TARGET = 10.2;
				MTL_ENABLE_DEBUG_INFO = YES;
				ONLY_ACTIVE_ARCH = YES;
				SDKROOT = iphoneos;
				SWIFT_ACTIVE_COMPILATION_CONDITIONS = DEBUG;
				SWIFT_OPTIMIZATION_LEVEL = "-Onone";
			};
			name = Debug;
		};
		D11239F71E239A1800225DFD /* Release */ = {
			isa = XCBuildConfiguration;
			buildSettings = {
				ALWAYS_SEARCH_USER_PATHS = NO;
				CLANG_ANALYZER_NONNULL = YES;
				CLANG_CXX_LANGUAGE_STANDARD = "gnu++0x";
				CLANG_CXX_LIBRARY = "libc++";
				CLANG_ENABLE_MODULES = YES;
				CLANG_ENABLE_OBJC_ARC = YES;
				CLANG_WARN_BOOL_CONVERSION = YES;
				CLANG_WARN_CONSTANT_CONVERSION = YES;
				CLANG_WARN_DIRECT_OBJC_ISA_USAGE = YES_ERROR;
				CLANG_WARN_DOCUMENTATION_COMMENTS = YES;
				CLANG_WARN_EMPTY_BODY = YES;
				CLANG_WARN_ENUM_CONVERSION = YES;
				CLANG_WARN_INFINITE_RECURSION = YES;
				CLANG_WARN_INT_CONVERSION = YES;
				CLANG_WARN_OBJC_ROOT_CLASS = YES_ERROR;
				CLANG_WARN_SUSPICIOUS_MOVE = YES;
				CLANG_WARN_UNREACHABLE_CODE = YES;
				CLANG_WARN__DUPLICATE_METHOD_MATCH = YES;
				"CODE_SIGN_IDENTITY[sdk=iphoneos*]" = "iPhone Developer";
				COPY_PHASE_STRIP = NO;
				DEBUG_INFORMATION_FORMAT = "dwarf-with-dsym";
				ENABLE_NS_ASSERTIONS = NO;
				ENABLE_STRICT_OBJC_MSGSEND = YES;
				GCC_C_LANGUAGE_STANDARD = gnu99;
				GCC_NO_COMMON_BLOCKS = YES;
				GCC_WARN_64_TO_32_BIT_CONVERSION = YES;
				GCC_WARN_ABOUT_RETURN_TYPE = YES_ERROR;
				GCC_WARN_UNDECLARED_SELECTOR = YES;
				GCC_WARN_UNINITIALIZED_AUTOS = YES_AGGRESSIVE;
				GCC_WARN_UNUSED_FUNCTION = YES;
				GCC_WARN_UNUSED_VARIABLE = YES;
				IPHONEOS_DEPLOYMENT_TARGET = 10.2;
				MTL_ENABLE_DEBUG_INFO = NO;
				SDKROOT = iphoneos;
				SWIFT_OPTIMIZATION_LEVEL = "-Owholemodule";
				VALIDATE_PRODUCT = YES;
			};
			name = Release;
		};
		D11239F91E239A1800225DFD /* Debug */ = {
			isa = XCBuildConfiguration;
			buildSettings = {
				ASSETCATALOG_COMPILER_APPICON_NAME = AppIcon;
				INFOPLIST_FILE = MultipleView/Info.plist;
				LD_RUNPATH_SEARCH_PATHS = "$(inherited) @executable_path/Frameworks";
				PRODUCT_BUNDLE_IDENTIFIER = com.mmosoll.MultipleView;
				PRODUCT_NAME = "$(TARGET_NAME)";
				SWIFT_VERSION = 3.0;
			};
			name = Debug;
		};
		D11239FA1E239A1800225DFD /* Release */ = {
			isa = XCBuildConfiguration;
			buildSettings = {
				ASSETCATALOG_COMPILER_APPICON_NAME = AppIcon;
				INFOPLIST_FILE = MultipleView/Info.plist;
				LD_RUNPATH_SEARCH_PATHS = "$(inherited) @executable_path/Frameworks";
				PRODUCT_BUNDLE_IDENTIFIER = com.mmosoll.MultipleView;
				PRODUCT_NAME = "$(TARGET_NAME)";
				SWIFT_VERSION = 3.0;
			};
			name = Release;
		};
/* End XCBuildConfiguration section */

/* Begin XCConfigurationList section */
		D11239E11E239A1800225DFD /* Build configuration list for PBXProject "MultipleView" */ = {
			isa = XCConfigurationList;
			buildConfigurations = (
				D11239F61E239A1800225DFD /* Debug */,
				D11239F71E239A1800225DFD /* Release */,
			);
			defaultConfigurationIsVisible = 0;
			defaultConfigurationName = Release;
		};
		D11239F81E239A1800225DFD /* Build configuration list for PBXNativeTarget "MultipleView" */ = {
			isa = XCConfigurationList;
			buildConfigurations = (
				D11239F91E239A1800225DFD /* Debug */,
				D11239FA1E239A1800225DFD /* Release */,
			);
			defaultConfigurationIsVisible = 0;
		};
/* End XCConfigurationList section */
	};
	rootObject = D11239DE1E239A1800225DFD /* Project object */;
}
